// !$*UTF8*$!
{
	archiveVersion = 1;
	classes = {
	};
	objectVersion = 56;
	objects = {

/* Begin PBXBuildFile section */
		3C37891D2BF794E50022E491 /* AppDelegate.swift in Sources */ = {isa = PBXBuildFile; fileRef = 3C37891C2BF794E50022E491 /* AppDelegate.swift */; };
		3C37891F2BF794E50022E491 /* SceneDelegate.swift in Sources */ = {isa = PBXBuildFile; fileRef = 3C37891E2BF794E50022E491 /* SceneDelegate.swift */; };
		3C3789212BF794E50022E491 /* ViewController.swift in Sources */ = {isa = PBXBuildFile; fileRef = 3C3789202BF794E50022E491 /* ViewController.swift */; };
		3C3789242BF794E50022E491 /* Main.storyboard in Resources */ = {isa = PBXBuildFile; fileRef = 3C3789222BF794E50022E491 /* Main.storyboard */; };
		3C3789262BF794E60022E491 /* Assets.xcassets in Resources */ = {isa = PBXBuildFile; fileRef = 3C3789252BF794E60022E491 /* Assets.xcassets */; };
		3C3789292BF794E60022E491 /* LaunchScreen.storyboard in Resources */ = {isa = PBXBuildFile; fileRef = 3C3789272BF794E60022E491 /* LaunchScreen.storyboard */; };
		3C3789342BF794E60022E491 /* SideMenuTests.swift in Sources */ = {isa = PBXBuildFile; fileRef = 3C3789332BF794E60022E491 /* SideMenuTests.swift */; };
		3C37893E2BF794E60022E491 /* SideMenuUITests.swift in Sources */ = {isa = PBXBuildFile; fileRef = 3C37893D2BF794E60022E491 /* SideMenuUITests.swift */; };
		3C3789402BF794E60022E491 /* SideMenuUITestsLaunchTests.swift in Sources */ = {isa = PBXBuildFile; fileRef = 3C37893F2BF794E60022E491 /* SideMenuUITestsLaunchTests.swift */; };
		3C37894F2BF799850022E491 /* SideMenuView.swift in Sources */ = {isa = PBXBuildFile; fileRef = 3C37894E2BF799850022E491 /* SideMenuView.swift */; };
		3C3789512BF7998C0022E491 /* SideMenuView.xib in Resources */ = {isa = PBXBuildFile; fileRef = 3C3789502BF7998C0022E491 /* SideMenuView.xib */; };
		3C3789542BF79D0F0022E491 /* UIView.swift in Sources */ = {isa = PBXBuildFile; fileRef = 3C3789532BF79D0F0022E491 /* UIView.swift */; };
/* End PBXBuildFile section */

/* Begin PBXContainerItemProxy section */
		3C3789302BF794E60022E491 /* PBXContainerItemProxy */ = {
			isa = PBXContainerItemProxy;
			containerPortal = 3C3789112BF794E50022E491 /* Project object */;
			proxyType = 1;
			remoteGlobalIDString = 3C3789182BF794E50022E491;
			remoteInfo = SideMenu;
		};
		3C37893A2BF794E60022E491 /* PBXContainerItemProxy */ = {
			isa = PBXContainerItemProxy;
			containerPortal = 3C3789112BF794E50022E491 /* Project object */;
			proxyType = 1;
			remoteGlobalIDString = 3C3789182BF794E50022E491;
			remoteInfo = SideMenu;
		};
/* End PBXContainerItemProxy section */

/* Begin PBXFileReference section */
		3C3789192BF794E50022E491 /* SideMenu.app */ = {isa = PBXFileReference; explicitFileType = wrapper.application; includeInIndex = 0; path = SideMenu.app; sourceTree = BUILT_PRODUCTS_DIR; };
		3C37891C2BF794E50022E491 /* AppDelegate.swift */ = {isa = PBXFileReference; lastKnownFileType = sourcecode.swift; path = AppDelegate.swift; sourceTree = "<group>"; };
		3C37891E2BF794E50022E491 /* SceneDelegate.swift */ = {isa = PBXFileReference; lastKnownFileType = sourcecode.swift; path = SceneDelegate.swift; sourceTree = "<group>"; };
		3C3789202BF794E50022E491 /* ViewController.swift */ = {isa = PBXFileReference; lastKnownFileType = sourcecode.swift; path = ViewController.swift; sourceTree = "<group>"; };
		3C3789232BF794E50022E491 /* Base */ = {isa = PBXFileReference; lastKnownFileType = file.storyboard; name = Base; path = Base.lproj/Main.storyboard; sourceTree = "<group>"; };
		3C3789252BF794E60022E491 /* Assets.xcassets */ = {isa = PBXFileReference; lastKnownFileType = folder.assetcatalog; path = Assets.xcassets; sourceTree = "<group>"; };
		3C3789282BF794E60022E491 /* Base */ = {isa = PBXFileReference; lastKnownFileType = file.storyboard; name = Base; path = Base.lproj/LaunchScreen.storyboard; sourceTree = "<group>"; };
		3C37892A2BF794E60022E491 /* Info.plist */ = {isa = PBXFileReference; lastKnownFileType = text.plist.xml; path = Info.plist; sourceTree = "<group>"; };
		3C37892F2BF794E60022E491 /* SideMenuTests.xctest */ = {isa = PBXFileReference; explicitFileType = wrapper.cfbundle; includeInIndex = 0; path = SideMenuTests.xctest; sourceTree = BUILT_PRODUCTS_DIR; };
		3C3789332BF794E60022E491 /* SideMenuTests.swift */ = {isa = PBXFileReference; lastKnownFileType = sourcecode.swift; path = SideMenuTests.swift; sourceTree = "<group>"; };
		3C3789392BF794E60022E491 /* SideMenuUITests.xctest */ = {isa = PBXFileReference; explicitFileType = wrapper.cfbundle; includeInIndex = 0; path = SideMenuUITests.xctest; sourceTree = BUILT_PRODUCTS_DIR; };
		3C37893D2BF794E60022E491 /* SideMenuUITests.swift */ = {isa = PBXFileReference; lastKnownFileType = sourcecode.swift; path = SideMenuUITests.swift; sourceTree = "<group>"; };
		3C37893F2BF794E60022E491 /* SideMenuUITestsLaunchTests.swift */ = {isa = PBXFileReference; lastKnownFileType = sourcecode.swift; path = SideMenuUITestsLaunchTests.swift; sourceTree = "<group>"; };
		3C37894E2BF799850022E491 /* SideMenuView.swift */ = {isa = PBXFileReference; lastKnownFileType = sourcecode.swift; path = SideMenuView.swift; sourceTree = "<group>"; };
		3C3789502BF7998C0022E491 /* SideMenuView.xib */ = {isa = PBXFileReference; lastKnownFileType = file.xib; path = SideMenuView.xib; sourceTree = "<group>"; };
		3C3789532BF79D0F0022E491 /* UIView.swift */ = {isa = PBXFileReference; lastKnownFileType = sourcecode.swift; path = UIView.swift; sourceTree = "<group>"; };
/* End PBXFileReference section */

/* Begin PBXFrameworksBuildPhase section */
		3C3789162BF794E50022E491 /* Frameworks */ = {
			isa = PBXFrameworksBuildPhase;
			buildActionMask = 2147483647;
			files = (
			);
			runOnlyForDeploymentPostprocessing = 0;
		};
		3C37892C2BF794E60022E491 /* Frameworks */ = {
			isa = PBXFrameworksBuildPhase;
			buildActionMask = 2147483647;
			files = (
			);
			runOnlyForDeploymentPostprocessing = 0;
		};
		3C3789362BF794E60022E491 /* Frameworks */ = {
			isa = PBXFrameworksBuildPhase;
			buildActionMask = 2147483647;
			files = (
			);
			runOnlyForDeploymentPostprocessing = 0;
		};
/* End PBXFrameworksBuildPhase section */

/* Begin PBXGroup section */
		3C3789102BF794E50022E491 = {
			isa = PBXGroup;
			children = (
				3C37891B2BF794E50022E491 /* SideMenu */,
				3C3789322BF794E60022E491 /* SideMenuTests */,
				3C37893C2BF794E60022E491 /* SideMenuUITests */,
				3C37891A2BF794E50022E491 /* Products */,
			);
			sourceTree = "<group>";
		};
		3C37891A2BF794E50022E491 /* Products */ = {
			isa = PBXGroup;
			children = (
				3C3789192BF794E50022E491 /* SideMenu.app */,
				3C37892F2BF794E60022E491 /* SideMenuTests.xctest */,
				3C3789392BF794E60022E491 /* SideMenuUITests.xctest */,
			);
			name = Products;
			sourceTree = "<group>";
		};
		3C37891B2BF794E50022E491 /* SideMenu */ = {
			isa = PBXGroup;
			children = (
				3C37891C2BF794E50022E491 /* AppDelegate.swift */,
				3C37891E2BF794E50022E491 /* SceneDelegate.swift */,
				3C3789552BF79FAB0022E491 /* views */,
				3C3789522BF79D030022E491 /* extensions */,
				3C3789202BF794E50022E491 /* ViewController.swift */,
				3C3789222BF794E50022E491 /* Main.storyboard */,
				3C3789252BF794E60022E491 /* Assets.xcassets */,
				3C3789272BF794E60022E491 /* LaunchScreen.storyboard */,
				3C37892A2BF794E60022E491 /* Info.plist */,
			);
			path = SideMenu;
			sourceTree = "<group>";
		};
		3C3789322BF794E60022E491 /* SideMenuTests */ = {
			isa = PBXGroup;
			children = (
				3C3789332BF794E60022E491 /* SideMenuTests.swift */,
			);
			path = SideMenuTests;
			sourceTree = "<group>";
		};
		3C37893C2BF794E60022E491 /* SideMenuUITests */ = {
			isa = PBXGroup;
			children = (
				3C37893D2BF794E60022E491 /* SideMenuUITests.swift */,
				3C37893F2BF794E60022E491 /* SideMenuUITestsLaunchTests.swift */,
			);
			path = SideMenuUITests;
			sourceTree = "<group>";
		};
		3C3789522BF79D030022E491 /* extensions */ = {
			isa = PBXGroup;
			children = (
				3C3789532BF79D0F0022E491 /* UIView.swift */,
			);
			path = extensions;
			sourceTree = "<group>";
		};
		3C3789552BF79FAB0022E491 /* views */ = {
			isa = PBXGroup;
			children = (
				3C37894E2BF799850022E491 /* SideMenuView.swift */,
				3C3789502BF7998C0022E491 /* SideMenuView.xib */,
			);
			path = views;
			sourceTree = "<group>";
		};
/* End PBXGroup section */

/* Begin PBXNativeTarget section */
		3C3789182BF794E50022E491 /* SideMenu */ = {
			isa = PBXNativeTarget;
			buildConfigurationList = 3C3789432BF794E60022E491 /* Build configuration list for PBXNativeTarget "SideMenu" */;
			buildPhases = (
				3C3789152BF794E50022E491 /* Sources */,
				3C3789162BF794E50022E491 /* Frameworks */,
				3C3789172BF794E50022E491 /* Resources */,
			);
			buildRules = (
			);
			dependencies = (
			);
			name = SideMenu;
			productName = SideMenu;
			productReference = 3C3789192BF794E50022E491 /* SideMenu.app */;
			productType = "com.apple.product-type.application";
		};
		3C37892E2BF794E60022E491 /* SideMenuTests */ = {
			isa = PBXNativeTarget;
			buildConfigurationList = 3C3789462BF794E60022E491 /* Build configuration list for PBXNativeTarget "SideMenuTests" */;
			buildPhases = (
				3C37892B2BF794E60022E491 /* Sources */,
				3C37892C2BF794E60022E491 /* Frameworks */,
				3C37892D2BF794E60022E491 /* Resources */,
			);
			buildRules = (
			);
			dependencies = (
				3C3789312BF794E60022E491 /* PBXTargetDependency */,
			);
			name = SideMenuTests;
			productName = SideMenuTests;
			productReference = 3C37892F2BF794E60022E491 /* SideMenuTests.xctest */;
			productType = "com.apple.product-type.bundle.unit-test";
		};
		3C3789382BF794E60022E491 /* SideMenuUITests */ = {
			isa = PBXNativeTarget;
			buildConfigurationList = 3C3789492BF794E60022E491 /* Build configuration list for PBXNativeTarget "SideMenuUITests" */;
			buildPhases = (
				3C3789352BF794E60022E491 /* Sources */,
				3C3789362BF794E60022E491 /* Frameworks */,
				3C3789372BF794E60022E491 /* Resources */,
			);
			buildRules = (
			);
			dependencies = (
				3C37893B2BF794E60022E491 /* PBXTargetDependency */,
			);
			name = SideMenuUITests;
			productName = SideMenuUITests;
			productReference = 3C3789392BF794E60022E491 /* SideMenuUITests.xctest */;
			productType = "com.apple.product-type.bundle.ui-testing";
		};
/* End PBXNativeTarget section */

/* Begin PBXProject section */
		3C3789112BF794E50022E491 /* Project object */ = {
			isa = PBXProject;
			attributes = {
				BuildIndependentTargetsInParallel = 1;
				LastSwiftUpdateCheck = 1520;
				LastUpgradeCheck = 1520;
				TargetAttributes = {
					3C3789182BF794E50022E491 = {
						CreatedOnToolsVersion = 15.2;
					};
					3C37892E2BF794E60022E491 = {
						CreatedOnToolsVersion = 15.2;
						TestTargetID = 3C3789182BF794E50022E491;
					};
					3C3789382BF794E60022E491 = {
						CreatedOnToolsVersion = 15.2;
						TestTargetID = 3C3789182BF794E50022E491;
					};
				};
			};
			buildConfigurationList = 3C3789142BF794E50022E491 /* Build configuration list for PBXProject "SideMenu" */;
			compatibilityVersion = "Xcode 14.0";
			developmentRegion = en;
			hasScannedForEncodings = 0;
			knownRegions = (
				en,
				Base,
			);
			mainGroup = 3C3789102BF794E50022E491;
			productRefGroup = 3C37891A2BF794E50022E491 /* Products */;
			projectDirPath = "";
			projectRoot = "";
			targets = (
				3C3789182BF794E50022E491 /* SideMenu */,
				3C37892E2BF794E60022E491 /* SideMenuTests */,
				3C3789382BF794E60022E491 /* SideMenuUITests */,
			);
		};
/* End PBXProject section */

/* Begin PBXResourcesBuildPhase section */
		3C3789172BF794E50022E491 /* Resources */ = {
			isa = PBXResourcesBuildPhase;
			buildActionMask = 2147483647;
			files = (
				3C3789292BF794E60022E491 /* LaunchScreen.storyboard in Resources */,
				3C3789262BF794E60022E491 /* Assets.xcassets in Resources */,
				3C3789512BF7998C0022E491 /* SideMenuView.xib in Resources */,
				3C3789242BF794E50022E491 /* Main.storyboard in Resources */,
			);
			runOnlyForDeploymentPostprocessing = 0;
		};
		3C37892D2BF794E60022E491 /* Resources */ = {
			isa = PBXResourcesBuildPhase;
			buildActionMask = 2147483647;
			files = (
			);
			runOnlyForDeploymentPostprocessing = 0;
		};
		3C3789372BF794E60022E491 /* Resources */ = {
			isa = PBXResourcesBuildPhase;
			buildActionMask = 2147483647;
			files = (
			);
			runOnlyForDeploymentPostprocessing = 0;
		};
/* End PBXResourcesBuildPhase section */

/* Begin PBXSourcesBuildPhase section */
		3C3789152BF794E50022E491 /* Sources */ = {
			isa = PBXSourcesBuildPhase;
			buildActionMask = 2147483647;
			files = (
				3C3789542BF79D0F0022E491 /* UIView.swift in Sources */,
				3C3789212BF794E50022E491 /* ViewController.swift in Sources */,
				3C37891D2BF794E50022E491 /* AppDelegate.swift in Sources */,
				3C37894F2BF799850022E491 /* SideMenuView.swift in Sources */,
				3C37891F2BF794E50022E491 /* SceneDelegate.swift in Sources */,
			);
			runOnlyForDeploymentPostprocessing = 0;
		};
		3C37892B2BF794E60022E491 /* Sources */ = {
			isa = PBXSourcesBuildPhase;
			buildActionMask = 2147483647;
			files = (
				3C3789342BF794E60022E491 /* SideMenuTests.swift in Sources */,
			);
			runOnlyForDeploymentPostprocessing = 0;
		};
		3C3789352BF794E60022E491 /* Sources */ = {
			isa = PBXSourcesBuildPhase;
			buildActionMask = 2147483647;
			files = (
				3C3789402BF794E60022E491 /* SideMenuUITestsLaunchTests.swift in Sources */,
				3C37893E2BF794E60022E491 /* SideMenuUITests.swift in Sources */,
			);
			runOnlyForDeploymentPostprocessing = 0;
		};
/* End PBXSourcesBuildPhase section */

/* Begin PBXTargetDependency section */
		3C3789312BF794E60022E491 /* PBXTargetDependency */ = {
			isa = PBXTargetDependency;
			target = 3C3789182BF794E50022E491 /* SideMenu */;
			targetProxy = 3C3789302BF794E60022E491 /* PBXContainerItemProxy */;
		};
		3C37893B2BF794E60022E491 /* PBXTargetDependency */ = {
			isa = PBXTargetDependency;
			target = 3C3789182BF794E50022E491 /* SideMenu */;
			targetProxy = 3C37893A2BF794E60022E491 /* PBXContainerItemProxy */;
		};
/* End PBXTargetDependency section */

/* Begin PBXVariantGroup section */
		3C3789222BF794E50022E491 /* Main.storyboard */ = {
			isa = PBXVariantGroup;
			children = (
				3C3789232BF794E50022E491 /* Base */,
			);
			name = Main.storyboard;
			sourceTree = "<group>";
		};
		3C3789272BF794E60022E491 /* LaunchScreen.storyboard */ = {
			isa = PBXVariantGroup;
			children = (
				3C3789282BF794E60022E491 /* Base */,
			);
			name = LaunchScreen.storyboard;
			sourceTree = "<group>";
		};
/* End PBXVariantGroup section */

/* Begin XCBuildConfiguration section */
		3C3789412BF794E60022E491 /* Debug */ = {
			isa = XCBuildConfiguration;
			buildSettings = {
				ALWAYS_SEARCH_USER_PATHS = NO;
				ASSETCATALOG_COMPILER_GENERATE_SWIFT_ASSET_SYMBOL_EXTENSIONS = YES;
				CLANG_ANALYZER_NONNULL = YES;
				CLANG_ANALYZER_NUMBER_OBJECT_CONVERSION = YES_AGGRESSIVE;
				CLANG_CXX_LANGUAGE_STANDARD = "gnu++20";
				CLANG_ENABLE_MODULES = YES;
				CLANG_ENABLE_OBJC_ARC = YES;
				CLANG_ENABLE_OBJC_WEAK = YES;
				CLANG_WARN_BLOCK_CAPTURE_AUTORELEASING = YES;
				CLANG_WARN_BOOL_CONVERSION = YES;
				CLANG_WARN_COMMA = YES;
				CLANG_WARN_CONSTANT_CONVERSION = YES;
				CLANG_WARN_DEPRECATED_OBJC_IMPLEMENTATIONS = YES;
				CLANG_WARN_DIRECT_OBJC_ISA_USAGE = YES_ERROR;
				CLANG_WARN_DOCUMENTATION_COMMENTS = YES;
				CLANG_WARN_EMPTY_BODY = YES;
				CLANG_WARN_ENUM_CONVERSION = YES;
				CLANG_WARN_INFINITE_RECURSION = YES;
				CLANG_WARN_INT_CONVERSION = YES;
				CLANG_WARN_NON_LITERAL_NULL_CONVERSION = YES;
				CLANG_WARN_OBJC_IMPLICIT_RETAIN_SELF = YES;
				CLANG_WARN_OBJC_LITERAL_CONVERSION = YES;
				CLANG_WARN_OBJC_ROOT_CLASS = YES_ERROR;
				CLANG_WARN_QUOTED_INCLUDE_IN_FRAMEWORK_HEADER = YES;
				CLANG_WARN_RANGE_LOOP_ANALYSIS = YES;
				CLANG_WARN_STRICT_PROTOTYPES = YES;
				CLANG_WARN_SUSPICIOUS_MOVE = YES;
				CLANG_WARN_UNGUARDED_AVAILABILITY = YES_AGGRESSIVE;
				CLANG_WARN_UNREACHABLE_CODE = YES;
				CLANG_WARN__DUPLICATE_METHOD_MATCH = YES;
				COPY_PHASE_STRIP = NO;
				DEBUG_INFORMATION_FORMAT = dwarf;
				ENABLE_STRICT_OBJC_MSGSEND = YES;
				ENABLE_TESTABILITY = YES;
				ENABLE_USER_SCRIPT_SANDBOXING = YES;
				GCC_C_LANGUAGE_STANDARD = gnu17;
				GCC_DYNAMIC_NO_PIC = NO;
				GCC_NO_COMMON_BLOCKS = YES;
				GCC_OPTIMIZATION_LEVEL = 0;
				GCC_PREPROCESSOR_DEFINITIONS = (
					"DEBUG=1",
					"$(inherited)",
				);
				GCC_WARN_64_TO_32_BIT_CONVERSION = YES;
				GCC_WARN_ABOUT_RETURN_TYPE = YES_ERROR;
				GCC_WARN_UNDECLARED_SELECTOR = YES;
				GCC_WARN_UNINITIALIZED_AUTOS = YES_AGGRESSIVE;
				GCC_WARN_UNUSED_FUNCTION = YES;
				GCC_WARN_UNUSED_VARIABLE = YES;
				IPHONEOS_DEPLOYMENT_TARGET = 17.2;
				LOCALIZATION_PREFERS_STRING_CATALOGS = YES;
				MTL_ENABLE_DEBUG_INFO = INCLUDE_SOURCE;
				MTL_FAST_MATH = YES;
				ONLY_ACTIVE_ARCH = YES;
				SDKROOT = iphoneos;
				SWIFT_ACTIVE_COMPILATION_CONDITIONS = "DEBUG $(inherited)";
				SWIFT_OPTIMIZATION_LEVEL = "-Onone";
			};
			name = Debug;
		};
		3C3789422BF794E60022E491 /* Release */ = {
			isa = XCBuildConfiguration;
			buildSettings = {
				ALWAYS_SEARCH_USER_PATHS = NO;
				ASSETCATALOG_COMPILER_GENERATE_SWIFT_ASSET_SYMBOL_EXTENSIONS = YES;
				CLANG_ANALYZER_NONNULL = YES;
				CLANG_ANALYZER_NUMBER_OBJECT_CONVERSION = YES_AGGRESSIVE;
				CLANG_CXX_LANGUAGE_STANDARD = "gnu++20";
				CLANG_ENABLE_MODULES = YES;
				CLANG_ENABLE_OBJC_ARC = YES;
				CLANG_ENABLE_OBJC_WEAK = YES;
				CLANG_WARN_BLOCK_CAPTURE_AUTORELEASING = YES;
				CLANG_WARN_BOOL_CONVERSION = YES;
				CLANG_WARN_COMMA = YES;
				CLANG_WARN_CONSTANT_CONVERSION = YES;
				CLANG_WARN_DEPRECATED_OBJC_IMPLEMENTATIONS = YES;
				CLANG_WARN_DIRECT_OBJC_ISA_USAGE = YES_ERROR;
				CLANG_WARN_DOCUMENTATION_COMMENTS = YES;
				CLANG_WARN_EMPTY_BODY = YES;
				CLANG_WARN_ENUM_CONVERSION = YES;
				CLANG_WARN_INFINITE_RECURSION = YES;
				CLANG_WARN_INT_CONVERSION = YES;
				CLANG_WARN_NON_LITERAL_NULL_CONVERSION = YES;
				CLANG_WARN_OBJC_IMPLICIT_RETAIN_SELF = YES;
				CLANG_WARN_OBJC_LITERAL_CONVERSION = YES;
				CLANG_WARN_OBJC_ROOT_CLASS = YES_ERROR;
				CLANG_WARN_QUOTED_INCLUDE_IN_FRAMEWORK_HEADER = YES;
				CLANG_WARN_RANGE_LOOP_ANALYSIS = YES;
				CLANG_WARN_STRICT_PROTOTYPES = YES;
				CLANG_WARN_SUSPICIOUS_MOVE = YES;
				CLANG_WARN_UNGUARDED_AVAILABILITY = YES_AGGRESSIVE;
				CLANG_WARN_UNREACHABLE_CODE = YES;
				CLANG_WARN__DUPLICATE_METHOD_MATCH = YES;
				COPY_PHASE_STRIP = NO;
				DEBUG_INFORMATION_FORMAT = "dwarf-with-dsym";
				ENABLE_NS_ASSERTIONS = NO;
				ENABLE_STRICT_OBJC_MSGSEND = YES;
				ENABLE_USER_SCRIPT_SANDBOXING = YES;
				GCC_C_LANGUAGE_STANDARD = gnu17;
				GCC_NO_COMMON_BLOCKS = YES;
				GCC_WARN_64_TO_32_BIT_CONVERSION = YES;
				GCC_WARN_ABOUT_RETURN_TYPE = YES_ERROR;
				GCC_WARN_UNDECLARED_SELECTOR = YES;
				GCC_WARN_UNINITIALIZED_AUTOS = YES_AGGRESSIVE;
				GCC_WARN_UNUSED_FUNCTION = YES;
				GCC_WARN_UNUSED_VARIABLE = YES;
				IPHONEOS_DEPLOYMENT_TARGET = 17.2;
				LOCALIZATION_PREFERS_STRING_CATALOGS = YES;
				MTL_ENABLE_DEBUG_INFO = NO;
				MTL_FAST_MATH = YES;
				SDKROOT = iphoneos;
				SWIFT_COMPILATION_MODE = wholemodule;
				VALIDATE_PRODUCT = YES;
			};
			name = Release;
		};
		3C3789442BF794E60022E491 /* Debug */ = {
			isa = XCBuildConfiguration;
			buildSettings = {
				ASSETCATALOG_COMPILER_APPICON_NAME = AppIcon;
				ASSETCATALOG_COMPILER_GLOBAL_ACCENT_COLOR_NAME = AccentColor;
				CODE_SIGN_STYLE = Automatic;
				CURRENT_PROJECT_VERSION = 1;
				DEVELOPMENT_TEAM = 5BR9PKVDZT;
				GENERATE_INFOPLIST_FILE = YES;
				INFOPLIST_FILE = SideMenu/Info.plist;
				INFOPLIST_KEY_UIApplicationSupportsIndirectInputEvents = YES;
				INFOPLIST_KEY_UILaunchStoryboardName = LaunchScreen;
				INFOPLIST_KEY_UIMainStoryboardFile = Main;
				INFOPLIST_KEY_UISupportedInterfaceOrientations_iPad = "UIInterfaceOrientationPortrait UIInterfaceOrientationPortraitUpsideDown UIInterfaceOrientationLandscapeLeft UIInterfaceOrientationLandscapeRight";
				INFOPLIST_KEY_UISupportedInterfaceOrientations_iPhone = "UIInterfaceOrientationPortrait UIInterfaceOrientationLandscapeLeft UIInterfaceOrientationLandscapeRight";
				LD_RUNPATH_SEARCH_PATHS = (
					"$(inherited)",
					"@executable_path/Frameworks",
				);
				MARKETING_VERSION = 1.0;
				PRODUCT_BUNDLE_IDENTIFIER = okue.SideMenu;
				PRODUCT_NAME = "$(TARGET_NAME)";
				SWIFT_EMIT_LOC_STRINGS = YES;
				SWIFT_VERSION = 5.0;
				TARGETED_DEVICE_FAMILY = "1,2";
			};
			name = Debug;
		};
		3C3789452BF794E60022E491 /* Release */ = {
			isa = XCBuildConfiguration;
			buildSettings = {
				ASSETCATALOG_COMPILER_APPICON_NAME = AppIcon;
				ASSETCATALOG_COMPILER_GLOBAL_ACCENT_COLOR_NAME = AccentColor;
				CODE_SIGN_STYLE = Automatic;
				CURRENT_PROJECT_VERSION = 1;
				DEVELOPMENT_TEAM = 5BR9PKVDZT;
				GENERATE_INFOPLIST_FILE = YES;
				INFOPLIST_FILE = SideMenu/Info.plist;
				INFOPLIST_KEY_UIApplicationSupportsIndirectInputEvents = YES;
				INFOPLIST_KEY_UILaunchStoryboardName = LaunchScreen;
				INFOPLIST_KEY_UIMainStoryboardFile = Main;
				INFOPLIST_KEY_UISupportedInterfaceOrientations_iPad = "UIInterfaceOrientationPortrait UIInterfaceOrientationPortraitUpsideDown UIInterfaceOrientationLandscapeLeft UIInterfaceOrientationLandscapeRight";
				INFOPLIST_KEY_UISupportedInterfaceOrientations_iPhone = "UIInterfaceOrientationPortrait UIInterfaceOrientationLandscapeLeft UIInterfaceOrientationLandscapeRight";
				LD_RUNPATH_SEARCH_PATHS = (
					"$(inherited)",
					"@executable_path/Frameworks",
				);
				MARKETING_VERSION = 1.0;
				PRODUCT_BUNDLE_IDENTIFIER = okue.SideMenu;
				PRODUCT_NAME = "$(TARGET_NAME)";
				SWIFT_EMIT_LOC_STRINGS = YES;
				SWIFT_VERSION = 5.0;
				TARGETED_DEVICE_FAMILY = "1,2";
			};
			name = Release;
		};
		3C3789472BF794E60022E491 /* Debug */ = {
			isa = XCBuildConfiguration;
			buildSettings = {
				ALWAYS_EMBED_SWIFT_STANDARD_LIBRARIES = YES;
				BUNDLE_LOADER = "$(TEST_HOST)";
				CODE_SIGN_STYLE = Automatic;
				CURRENT_PROJECT_VERSION = 1;
				DEVELOPMENT_TEAM = 5BR9PKVDZT;
				GENERATE_INFOPLIST_FILE = YES;
				IPHONEOS_DEPLOYMENT_TARGET = 17.2;
				MARKETING_VERSION = 1.0;
				PRODUCT_BUNDLE_IDENTIFIER = okue.SideMenuTests;
				PRODUCT_NAME = "$(TARGET_NAME)";
				SWIFT_EMIT_LOC_STRINGS = NO;
				SWIFT_VERSION = 5.0;
				TARGETED_DEVICE_FAMILY = "1,2";
				TEST_HOST = "$(BUILT_PRODUCTS_DIR)/SideMenu.app/$(BUNDLE_EXECUTABLE_FOLDER_PATH)/SideMenu";
			};
			name = Debug;
		};
		3C3789482BF794E60022E491 /* Release */ = {
			isa = XCBuildConfiguration;
			buildSettings = {
				ALWAYS_EMBED_SWIFT_STANDARD_LIBRARIES = YES;
				BUNDLE_LOADER = "$(TEST_HOST)";
				CODE_SIGN_STYLE = Automatic;
				CURRENT_PROJECT_VERSION = 1;
				DEVELOPMENT_TEAM = 5BR9PKVDZT;
				GENERATE_INFOPLIST_FILE = YES;
				IPHONEOS_DEPLOYMENT_TARGET = 17.2;
				MARKETING_VERSION = 1.0;
				PRODUCT_BUNDLE_IDENTIFIER = okue.SideMenuTests;
				PRODUCT_NAME = "$(TARGET_NAME)";
				SWIFT_EMIT_LOC_STRINGS = NO;
				SWIFT_VERSION = 5.0;
				TARGETED_DEVICE_FAMILY = "1,2";
				TEST_HOST = "$(BUILT_PRODUCTS_DIR)/SideMenu.app/$(BUNDLE_EXECUTABLE_FOLDER_PATH)/SideMenu";
			};
			name = Release;
		};
		3C37894A2BF794E60022E491 /* Debug */ = {
			isa = XCBuildConfiguration;
			buildSettings = {
				ALWAYS_EMBED_SWIFT_STANDARD_LIBRARIES = YES;
				CODE_SIGN_STYLE = Automatic;
				CURRENT_PROJECT_VERSION = 1;
				DEVELOPMENT_TEAM = 5BR9PKVDZT;
				GENERATE_INFOPLIST_FILE = YES;
				MARKETING_VERSION = 1.0;
				PRODUCT_BUNDLE_IDENTIFIER = okue.SideMenuUITests;
				PRODUCT_NAME = "$(TARGET_NAME)";
				SWIFT_EMIT_LOC_STRINGS = NO;
				SWIFT_VERSION = 5.0;
				TARGETED_DEVICE_FAMILY = "1,2";
				TEST_TARGET_NAME = SideMenu;
			};
			name = Debug;
		};
		3C37894B2BF794E60022E491 /* Release */ = {
			isa = XCBuildConfiguration;
			buildSettings = {
				ALWAYS_EMBED_SWIFT_STANDARD_LIBRARIES = YES;
				CODE_SIGN_STYLE = Automatic;
				CURRENT_PROJECT_VERSION = 1;
				DEVELOPMENT_TEAM = 5BR9PKVDZT;
				GENERATE_INFOPLIST_FILE = YES;
				MARKETING_VERSION = 1.0;
				PRODUCT_BUNDLE_IDENTIFIER = okue.SideMenuUITests;
				PRODUCT_NAME = "$(TARGET_NAME)";
				SWIFT_EMIT_LOC_STRINGS = NO;
				SWIFT_VERSION = 5.0;
				TARGETED_DEVICE_FAMILY = "1,2";
				TEST_TARGET_NAME = SideMenu;
			};
			name = Release;
		};
/* End XCBuildConfiguration section */

/* Begin XCConfigurationList section */
		3C3789142BF794E50022E491 /* Build configuration list for PBXProject "SideMenu" */ = {
			isa = XCConfigurationList;
			buildConfigurations = (
				3C3789412BF794E60022E491 /* Debug */,
				3C3789422BF794E60022E491 /* Release */,
			);
			defaultConfigurationIsVisible = 0;
			defaultConfigurationName = Release;
		};
		3C3789432BF794E60022E491 /* Build configuration list for PBXNativeTarget "SideMenu" */ = {
			isa = XCConfigurationList;
			buildConfigurations = (
				3C3789442BF794E60022E491 /* Debug */,
				3C3789452BF794E60022E491 /* Release */,
			);
			defaultConfigurationIsVisible = 0;
			defaultConfigurationName = Release;
		};
		3C3789462BF794E60022E491 /* Build configuration list for PBXNativeTarget "SideMenuTests" */ = {
			isa = XCConfigurationList;
			buildConfigurations = (
				3C3789472BF794E60022E491 /* Debug */,
				3C3789482BF794E60022E491 /* Release */,
			);
			defaultConfigurationIsVisible = 0;
			defaultConfigurationName = Release;
		};
		3C3789492BF794E60022E491 /* Build configuration list for PBXNativeTarget "SideMenuUITests" */ = {
			isa = XCConfigurationList;
			buildConfigurations = (
				3C37894A2BF794E60022E491 /* Debug */,
				3C37894B2BF794E60022E491 /* Release */,
			);
			defaultConfigurationIsVisible = 0;
			defaultConfigurationName = Release;
		};
/* End XCConfigurationList section */
	};
	rootObject = 3C3789112BF794E50022E491 /* Project object */;
}
